
Microsoft Visual Studio Solution File, Format Version 12.00
# Visual Studio Version 17
VisualStudioVersion = 17.10.34928.147
MinimumVisualStudioVersion = 10.0.40219.1
Project("{9A19103F-16F7-4668-BE54-9A1E7A4F7556}") = "Kincseslada", "Kincseslada\Kincseslada.csproj", "{D6AD9760-9BE8-4008-BDC7-666750D85015}"
EndProject
Project("{FAE04EC0-301F-11D3-BF4B-00C04F79EFBC}") = "KincsesladaLibrary", "KincsesladaLibrary\KincsesladaLibrary.csproj", "{629E45F0-D673-40CB-BC62-F0C8FC16EA13}"
EndProject
Global
	GlobalSection(SolutionConfigurationPlatforms) = preSolution
		Debug|Any CPU = Debug|Any CPU
		Release|Any CPU = Release|Any CPU
	EndGlobalSection
	GlobalSection(ProjectConfigurationPlatforms) = postSolution
		{D6AD9760-9BE8-4008-BDC7-666750D85015}.Debug|Any CPU.ActiveCfg = Debug|Any CPU
		{D6AD9760-9BE8-4008-BDC7-666750D85015}.Debug|Any CPU.Build.0 = Debug|Any CPU
		{D6AD9760-9BE8-4008-BDC7-666750D85015}.Release|Any CPU.ActiveCfg = Release|Any CPU
		{D6AD9760-9BE8-4008-BDC7-666750D85015}.Release|Any CPU.Build.0 = Release|Any CPU
		{629E45F0-D673-40CB-BC62-F0C8FC16EA13}.Debug|Any CPU.ActiveCfg = Debug|Any CPU
		{629E45F0-D673-40CB-BC62-F0C8FC16EA13}.Debug|Any CPU.Build.0 = Debug|Any CPU
		{629E45F0-D673-40CB-BC62-F0C8FC16EA13}.Release|Any CPU.ActiveCfg = Release|Any CPU
		{629E45F0-D673-40CB-BC62-F0C8FC16EA13}.Release|Any CPU.Build.0 = Release|Any CPU
	EndGlobalSection
	GlobalSection(SolutionProperties) = preSolution
		HideSolutionNode = FALSE
	EndGlobalSection
	GlobalSection(ExtensibilityGlobals) = postSolution
		SolutionGuid = {5C426619-A9F6-46AE-9EC3-2A90F6A006B3}
	EndGlobalSection
EndGlobal
